<?xml version="1.0" encoding="utf-8"?>
<Project ToolsVersion="4.0" xmlns="http://schemas.microsoft.com/developer/msbuild/2003">
  <ItemGroup>
    <Filter Include="Source Files">
      <UniqueIdentifier>{4FC737F1-C7A5-4376-A066-2A32D752A2FF}</UniqueIdentifier>
      <Extensions>cpp;cxx;c;def</Extensions>
    </Filter>
    <Filter Include="Header Files">
      <UniqueIdentifier>{93995380-89BD-4b04-88EB-625FBE52EBFB}</UniqueIdentifier>
      <Extensions>h</Extensions>
    </Filter>
    <Filter Include="Form Files">
      <UniqueIdentifier>{99349809-55BA-4b9d-BF79-8FDBB0286EB3}</UniqueIdentifier>
      <Extensions>ui</Extensions>
    </Filter>
    <Filter Include="Resource Files">
      <UniqueIdentifier>{D9D6E242-F8AF-46E4-B9FD-80ECBC20BA3E}</UniqueIdentifier>
      <Extensions>qrc;*</Extensions>
      <ParseFiles>false</ParseFiles>
    </Filter>
    <Filter Include="Generated Files">
      <UniqueIdentifier>{71ED8ED8-ACB9-4CE9-BBE1-E00B30144E11}</UniqueIdentifier>
      <Extensions>moc;h;cpp</Extensions>
      <SourceControlFiles>False</SourceControlFiles>
    </Filter>
    <Filter Include="Generated Files\Debug">
      <UniqueIdentifier>{0eaa3c0d-6e94-4e5d-ae82-a1af9ef0b47d}</UniqueIdentifier>
      <Extensions>cpp;moc</Extensions>
      <SourceControlFiles>False</SourceControlFiles>
    </Filter>
    <Filter Include="Generated Files\Release">
      <UniqueIdentifier>{43375fbd-84ff-451b-a129-4161e450572e}</UniqueIdentifier>
      <Extensions>cpp;moc</Extensions>
      <SourceControlFiles>False</SourceControlFiles>
    </Filter>
    <Filter Include="Translation Files">
      <UniqueIdentifier>{639EADAA-A684-42e4-A9AD-28FC9BCB8F7C}</UniqueIdentifier>
      <Extensions>ts</Extensions>
      <ParseFiles>false</ParseFiles>
    </Filter>
    <Filter Include="Header Files\constraint">
      <UniqueIdentifier>{eaf01ea8-1c1f-46fe-8af2-892bd5fe947c}</UniqueIdentifier>
    </Filter>
    <Filter Include="Source Files\constraint">
      <UniqueIdentifier>{2733a502-4cbe-4f85-a500-d19e512aab31}</UniqueIdentifier>
    </Filter>
    <Filter Include="Header Files\model">
      <UniqueIdentifier>{5c565282-9dee-43bf-a1a7-088971a873c9}</UniqueIdentifier>
    </Filter>
    <Filter Include="Header Files\dialog">
      <UniqueIdentifier>{f8ba346b-7b7c-4e1c-8481-918739ba8111}</UniqueIdentifier>
    </Filter>
    <Filter Include="Source Files\dialog">
      <UniqueIdentifier>{52a68c95-500b-4f13-a006-a1b1c869c39a}</UniqueIdentifier>
    </Filter>
    <Filter Include="Header Files\rigidBody">
      <UniqueIdentifier>{02844a0c-5569-4056-88a9-aec88d23761d}</UniqueIdentifier>
    </Filter>
    <Filter Include="Source Files\rigidBody">
      <UniqueIdentifier>{a19f4906-312d-4080-bd8c-d6b896dac7c1}</UniqueIdentifier>
    </Filter>
  </ItemGroup>
  <ItemGroup>
    <ClCompile Include="main.cpp">
      <Filter>Source Files</Filter>
    </ClCompile>
    <ClCompile Include="dmotion.cpp">
      <Filter>Source Files</Filter>
    </ClCompile>
    <ClCompile Include="GeneratedFiles\Debug\moc_dmotion.cpp">
      <Filter>Generated Files\Debug</Filter>
    </ClCompile>
    <ClCompile Include="GeneratedFiles\Release\moc_dmotion.cpp">
      <Filter>Generated Files\Release</Filter>
    </ClCompile>
    <ClCompile Include="GeneratedFiles\qrc_dmotion.cpp">
      <Filter>Generated Files</Filter>
    </ClCompile>
    <ClCompile Include="..\src\MCHSpline.cpp">
      <Filter>Source Files</Filter>
    </ClCompile>
    <ClCompile Include="..\src\vp_profile.cpp">
      <Filter>Source Files</Filter>
    </ClCompile>
    <ClCompile Include="..\src\chart.cpp">
      <Filter>Source Files</Filter>
    </ClCompile>
    <ClCompile Include="..\src\axis.cpp">
      <Filter>Source Files</Filter>
    </ClCompile>
    <ClCompile Include="..\src\chartView.cpp">
      <Filter>Source Files</Filter>
    </ClCompile>
    <ClCompile Include="..\src\integrator.cpp">
      <Filter>Source Files</Filter>
    </ClCompile>
    <ClCompile Include="GeneratedFiles\Debug\moc_vp_profile.cpp">
      <Filter>Generated Files\Debug</Filter>
    </ClCompile>
    <ClCompile Include="GeneratedFiles\Release\moc_vp_profile.cpp">
      <Filter>Generated Files\Release</Filter>
    </ClCompile>
    <ClCompile Include="..\src\commandWindow.cpp">
      <Filter>Source Files</Filter>
    </ClCompile>
    <ClCompile Include="..\src\view.cpp">
      <Filter>Source Files</Filter>
    </ClCompile>
    <ClCompile Include="GeneratedFiles\Debug\moc_view.cpp">
      <Filter>Generated Files\Debug</Filter>
    </ClCompile>
    <ClCompile Include="GeneratedFiles\Release\moc_view.cpp">
      <Filter>Generated Files\Release</Filter>
    </ClCompile>
    <ClCompile Include="..\src\translate.cpp">
      <Filter>Source Files</Filter>
    </ClCompile>
    <ClCompile Include="..\src\transparency.cpp">
      <Filter>Source Files</Filter>
    </ClCompile>
    <ClCompile Include="GeneratedFiles\Debug\moc_transparency.cpp">
      <Filter>Generated Files\Debug</Filter>
    </ClCompile>
    <ClCompile Include="GeneratedFiles\Release\moc_transparency.cpp">
      <Filter>Generated Files\Release</Filter>
    </ClCompile>
    <ClCompile Include="..\src\document.cpp">
      <Filter>Source Files</Filter>
    </ClCompile>
    <ClCompile Include="..\src\rigidBody.cpp">
      <Filter>Source Files</Filter>
    </ClCompile>
    <ClCompile Include="..\src\model.cpp">
      <Filter>Source Files</Filter>
    </ClCompile>
    <ClCompile Include="..\src\constraint.cpp">
      <Filter>Source Files\constraint</Filter>
    </ClCompile>
    <ClCompile Include="..\src\revoluteJoint.cpp">
      <Filter>Source Files\constraint</Filter>
    </ClCompile>
    <ClCompile Include="..\src\translateJoint.cpp">
      <Filter>Source Files\constraint</Filter>
    </ClCompile>
    <ClCompile Include="GeneratedFiles\Debug\moc_document.cpp">
      <Filter>Generated Files\Debug</Filter>
    </ClCompile>
    <ClCompile Include="GeneratedFiles\Release\moc_document.cpp">
      <Filter>Generated Files\Release</Filter>
    </ClCompile>
    <ClCompile Include="..\src\plotDialog.cpp">
      <Filter>Source Files</Filter>
    </ClCompile>
    <ClCompile Include="GeneratedFiles\Debug\moc_plotDialog.cpp">
      <Filter>Generated Files\Debug</Filter>
    </ClCompile>
    <ClCompile Include="GeneratedFiles\Release\moc_plotDialog.cpp">
      <Filter>Generated Files\Release</Filter>
    </ClCompile>
    <ClCompile Include="..\src\columnViewItem.cpp">
      <Filter>Source Files</Filter>
    </ClCompile>
    <ClCompile Include="..\src\callout.cpp">
      <Filter>Source Files</Filter>
    </ClCompile>
    <ClCompile Include="..\src\animation_controller.cpp">
      <Filter>Source Files</Filter>
    </ClCompile>
    <ClCompile Include="..\src\geometry_wedge.cpp">
      <Filter>Source Files</Filter>
    </ClCompile>
    <ClCompile Include="..\src\geometry.cpp">
      <Filter>Source Files</Filter>
    </ClCompile>
    <ClCompile Include="..\src\drivingConstraint.cpp">
      <Filter>Source Files\constraint</Filter>
    </ClCompile>
    <ClCompile Include="..\src\materialDialog.cpp">
      <Filter>Source Files\dialog</Filter>
    </ClCompile>
    <ClCompile Include="GeneratedFiles\Debug\moc_materialDialog.cpp">
      <Filter>Generated Files\Debug</Filter>
    </ClCompile>
    <ClCompile Include="GeneratedFiles\Release\moc_materialDialog.cpp">
      <Filter>Generated Files\Release</Filter>
    </ClCompile>
    <ClCompile Include="..\src\plotWindow.cpp">
      <Filter>Source Files</Filter>
    </ClCompile>
    <ClCompile Include="..\src\pointFollower.cpp">
      <Filter>Source Files\constraint</Filter>
    </ClCompile>
    <ClCompile Include="..\src\constantConstraint.cpp">
      <Filter>Source Files\constraint</Filter>
    </ClCompile>
    <ClCompile Include="..\src\partHeader.cpp">
      <Filter>Source Files\rigidBody</Filter>
    </ClCompile>
    <ClCompile Include="GeneratedFiles\Debug\moc_kinematics.cpp">
      <Filter>Generated Files\Debug</Filter>
    </ClCompile>
    <ClCompile Include="GeneratedFiles\Release\moc_kinematics.cpp">
      <Filter>Generated Files\Release</Filter>
    </ClCompile>
    <ClCompile Include="..\src\kinematics.cpp">
      <Filter>Source Files</Filter>
    </ClCompile>
    <ClCompile Include="GeneratedFiles\Debug\moc_plotWindow.cpp">
      <Filter>Generated Files\Debug</Filter>
    </ClCompile>
    <ClCompile Include="GeneratedFiles\Release\moc_plotWindow.cpp">
      <Filter>Generated Files\Release</Filter>
    </ClCompile>
    <ClCompile Include="..\src\optimumDesignDoc.cpp">
      <Filter>Source Files</Filter>
    </ClCompile>
    <ClCompile Include="..\src\designVariable.cpp">
      <Filter>Source Files</Filter>
    </ClCompile>
    <ClCompile Include="..\src\optimumCase.cpp">
      <Filter>Source Files</Filter>
    </ClCompile>
    <ClCompile Include="..\src\resultTable.cpp">
      <Filter>Source Files</Filter>
    </ClCompile>
    <ClCompile Include="GeneratedFiles\Debug\moc_resultTable.cpp">
      <Filter>Generated Files\Debug</Filter>
    </ClCompile>
    <ClCompile Include="GeneratedFiles\Release\moc_resultTable.cpp">
      <Filter>Generated Files\Release</Filter>
    </ClCompile>
    <ClCompile Include="GeneratedFiles\Debug\moc_selectReactionDialog.cpp">
      <Filter>Generated Files\Debug</Filter>
    </ClCompile>
    <ClCompile Include="GeneratedFiles\Release\moc_selectReactionDialog.cpp">
      <Filter>Generated Files\Release</Filter>
    </ClCompile>
    <ClCompile Include="..\src\messageBox.cpp">
      <Filter>Source Files</Filter>
    </ClCompile>
    <ClCompile Include="..\src\errors.cpp">
      <Filter>Source Files</Filter>
    </ClCompile>
    <ClCompile Include="..\src\selectReactionDialog.cpp">
      <Filter>Source Files\dialog</Filter>
    </ClCompile>
    <ClCompile Include="GeneratedFiles\Debug\moc_newDialog.cpp">
      <Filter>Generated Files\Debug</Filter>
    </ClCompile>
    <ClCompile Include="GeneratedFiles\Release\moc_newDialog.cpp">
      <Filter>Generated Files\Release</Filter>
    </ClCompile>
    <ClCompile Include="..\src\newDialog.cpp">
      <Filter>Source Files\dialog</Filter>
    </ClCompile>
    <ClCompile Include="..\src\nhcmDesignVariable.cpp">
      <Filter>Source Files</Filter>
    </ClCompile>
    <ClCompile Include="..\src\hcmDesignVariable.cpp">
      <Filter>Source Files</Filter>
    </ClCompile>
    <ClCompile Include="..\src\drivingConditionPlot.cpp">
      <Filter>Source Files</Filter>
    </ClCompile>
    <ClCompile Include="GeneratedFiles\Debug\moc_chartView.cpp">
      <Filter>Generated Files\Debug</Filter>
    </ClCompile>
    <ClCompile Include="GeneratedFiles\Release\moc_chartView.cpp">
      <Filter>Generated Files\Release</Filter>
    </ClCompile>
    <ClCompile Include="..\src\OcctWindow.cxx">
      <Filter>Source Files</Filter>
    </ClCompile>
    <ClCompile Include="..\src\simplifiedConstraint.cpp">
      <Filter>Source Files\constraint</Filter>
    </ClCompile>
    <ClCompile Include="..\src\designConstraint.cpp">
      <Filter>Source Files\constraint</Filter>
    </ClCompile>
    <ClCompile Include="..\src\distanceConstraint.cpp">
      <Filter>Source Files\constraint</Filter>
    </ClCompile>
  </ItemGroup>
  <ItemGroup>
    <CustomBuild Include="dmotion.h">
      <Filter>Header Files</Filter>
    </CustomBuild>
    <CustomBuild Include="dmotion.ui">
      <Filter>Form Files</Filter>
    </CustomBuild>
    <CustomBuild Include="dmotion.qrc">
      <Filter>Resource Files</Filter>
    </CustomBuild>
    <CustomBuild Include="..\inc\vp_profile.h">
      <Filter>Header Files</Filter>
    </CustomBuild>
    <CustomBuild Include="..\inc\view.h">
      <Filter>Header Files</Filter>
    </CustomBuild>
    <CustomBuild Include="..\inc\translate.h">
      <Filter>Header Files</Filter>
    </CustomBuild>
    <CustomBuild Include="..\inc\transparency.h">
      <Filter>Header Files</Filter>
    </CustomBuild>
    <CustomBuild Include="..\inc\document.h">
      <Filter>Header Files</Filter>
    </CustomBuild>
    <CustomBuild Include="..\inc\plotDialog.h">
      <Filter>Header Files</Filter>
    </CustomBuild>
    <CustomBuild Include="..\inc\columnViewItem.h">
      <Filter>Header Files</Filter>
    </CustomBuild>
    <CustomBuild Include="..\inc\chartView.h">
      <Filter>Header Files</Filter>
    </CustomBuild>
    <CustomBuild Include="..\inc\chart.h">
      <Filter>Header Files</Filter>
    </CustomBuild>
    <CustomBuild Include="..\inc\materialDialog.h">
      <Filter>Header Files\dialog</Filter>
    </CustomBuild>
    <CustomBuild Include="..\inc\kinematics.h">
      <Filter>Header Files</Filter>
    </CustomBuild>
    <CustomBuild Include="..\inc\model.h">
      <Filter>Header Files</Filter>
    </CustomBuild>
    <CustomBuild Include="..\inc\plotWindow.h">
      <Filter>Header Files</Filter>
    </CustomBuild>
    <CustomBuild Include="..\inc\resultTable.h">
      <Filter>Header Files</Filter>
    </CustomBuild>
    <CustomBuild Include="selectReaction.ui">
      <Filter>Form Files</Filter>
    </CustomBuild>
    <CustomBuild Include="..\inc\selectReactionDialog.h">
      <Filter>Header Files\dialog</Filter>
    </CustomBuild>
    <CustomBuild Include="velocityProfile.ui">
      <Filter>Form Files</Filter>
    </CustomBuild>
    <CustomBuild Include="newModel.ui">
      <Filter>Form Files</Filter>
    </CustomBuild>
    <CustomBuild Include="..\inc\newDialog.h">
      <Filter>Header Files\dialog</Filter>
    </CustomBuild>
    <CustomBuild Include="..\inc\nhcmDesignVariable.h">
      <Filter>Header Files</Filter>
    </CustomBuild>
  </ItemGroup>
  <ItemGroup>
    <ClInclude Include="GeneratedFiles\ui_dmotion.h">
      <Filter>Generated Files</Filter>
    </ClInclude>
    <ClInclude Include="..\inc\MCHSpline.h">
      <Filter>Header Files</Filter>
    </ClInclude>
    <ClInclude Include="..\inc\axis.h">
      <Filter>Header Files</Filter>
    </ClInclude>
    <ClInclude Include="..\inc\integrator.h">
      <Filter>Header Files</Filter>
    </ClInclude>
    <ClInclude Include="..\inc\commandWindow.h">
      <Filter>Header Files</Filter>
    </ClInclude>
    <ClInclude Include="..\inc\matrix.hpp">
      <Filter>Header Files</Filter>
    </ClInclude>
    <ClInclude Include="..\inc\vector.hpp">
      <Filter>Header Files</Filter>
    </ClInclude>
    <ClInclude Include="..\inc\rigidBody.h">
      <Filter>Header Files</Filter>
    </ClInclude>
    <ClInclude Include="..\inc\revoluteJoint.h">
      <Filter>Header Files\constraint</Filter>
    </ClInclude>
    <ClInclude Include="..\inc\translateJoint.h">
      <Filter>Header Files\constraint</Filter>
    </ClInclude>
    <ClInclude Include="..\inc\constraint.h">
      <Filter>Header Files\constraint</Filter>
    </ClInclude>
    <ClInclude Include="..\inc\algebraMath.h">
      <Filter>Header Files</Filter>
    </ClInclude>
    <ClInclude Include="..\inc\dmotion_types.h">
      <Filter>Header Files</Filter>
    </ClInclude>
    <ClInclude Include="..\inc\callout.h">
      <Filter>Header Files</Filter>
    </ClInclude>
    <ClInclude Include="..\inc\animation_controller.h">
      <Filter>Header Files</Filter>
    </ClInclude>
    <ClInclude Include="..\inc\geometry_wedge.h">
      <Filter>Header Files</Filter>
    </ClInclude>
    <ClInclude Include="..\inc\geometry.h">
      <Filter>Header Files</Filter>
    </ClInclude>
    <ClInclude Include="..\inc\slider_crank.hpp">
      <Filter>Header Files\model</Filter>
    </ClInclude>
    <ClInclude Include="..\inc\dual_motion.hpp">
      <Filter>Header Files\model</Filter>
    </ClInclude>
    <ClInclude Include="..\inc\drivingConstraint.h">
      <Filter>Header Files\constraint</Filter>
    </ClInclude>
    <ClInclude Include="dm_backup.hpp">
      <Filter>Header Files\model</Filter>
    </ClInclude>
    <ClInclude Include="..\inc\pointFollower.h">
      <Filter>Header Files\constraint</Filter>
    </ClInclude>
    <ClInclude Include="..\inc\constantConstraint.h">
      <Filter>Header Files\constraint</Filter>
    </ClInclude>
    <ClInclude Include="..\inc\partHeader.h">
      <Filter>Header Files\rigidBody</Filter>
    </ClInclude>
    <ClInclude Include="..\inc\partLink.h">
      <Filter>Header Files\rigidBody</Filter>
    </ClInclude>
    <ClInclude Include="..\inc\partCam.h">
      <Filter>Header Files\rigidBody</Filter>
    </ClInclude>
    <ClInclude Include="..\inc\optimumDesignDoc.h">
      <Filter>Header Files</Filter>
    </ClInclude>
    <ClInclude Include="..\inc\designVariable.h">
      <Filter>Header Files</Filter>
    </ClInclude>
    <ClInclude Include="..\inc\optimumCase.h">
      <Filter>Header Files</Filter>
    </ClInclude>
    <ClInclude Include="GeneratedFiles\ui_selectReaction.h">
      <Filter>Generated Files</Filter>
    </ClInclude>
    <ClInclude Include="..\inc\MyTableWidgetItem.h">
      <Filter>Header Files</Filter>
    </ClInclude>
    <ClInclude Include="GeneratedFiles\ui_velocityProfile.h">
      <Filter>Generated Files</Filter>
    </ClInclude>
    <ClInclude Include="..\inc\messageBox.h">
      <Filter>Header Files</Filter>
    </ClInclude>
    <ClInclude Include="..\inc\errors.h">
      <Filter>Header Files</Filter>
    </ClInclude>
    <ClInclude Include="GeneratedFiles\ui_newModel.h">
      <Filter>Generated Files</Filter>
    </ClInclude>
    <ClInclude Include="..\inc\opResultButton.h">
      <Filter>Header Files</Filter>
    </ClInclude>
    <ClInclude Include="..\inc\dual_motion_hole.hpp">
      <Filter>Header Files\model</Filter>
    </ClInclude>
    <ClInclude Include="..\inc\hcmDesignVariable.h">
      <Filter>Header Files</Filter>
    </ClInclude>
    <ClInclude Include="..\inc\drivingConditionPlot.h">
      <Filter>Header Files</Filter>
    </ClInclude>
    <ClInclude Include="..\inc\simplifiedConstraint.h">
      <Filter>Header Files\constraint</Filter>
    </ClInclude>
    <ClInclude Include="..\inc\designConstraint.h">
      <Filter>Header Files\constraint</Filter>
    </ClInclude>
    <ClInclude Include="..\inc\distanceConstraint.h">
      <Filter>Header Files\constraint</Filter>
    </ClInclude>
  </ItemGroup>
</Project>